
Microsoft Visual Studio Solution File, Format Version 12.00
# Visual Studio Version 17
VisualStudioVersion = 17.11.35327.3
MinimumVisualStudioVersion = 10.0.40219.1
Project("{9A19103F-16F7-4668-BE54-9A1E7A4F7556}") = "WebUI4CSharp", "WebUI4CSharp\WebUI4CSharp.csproj", "{BCB10803-7092-4B94-A18F-E0372C3C1BFB}"
EndProject
Project("{9A19103F-16F7-4668-BE54-9A1E7A4F7556}") = "WebUI4CSharp.Natives", "WebUI4CSharp.Natives\WebUI4CSharp.Natives.csproj", "{55424C36-4BC5-40AF-A693-59ABE158BA78}"
EndProject
Global
	GlobalSection(SolutionConfigurationPlatforms) = preSolution
		Debug|Any CPU = Debug|Any CPU
		Release|Any CPU = Release|Any CPU
	EndGlobalSection
	GlobalSection(ProjectConfigurationPlatforms) = postSolution
		{BCB10803-7092-4B94-A18F-E0372C3C1BFB}.Debug|Any CPU.ActiveCfg = Debug|Any CPU
		{BCB10803-7092-4B94-A18F-E0372C3C1BFB}.Debug|Any CPU.Build.0 = Debug|Any CPU
		{BCB10803-7092-4B94-A18F-E0372C3C1BFB}.Release|Any CPU.ActiveCfg = Release|Any CPU
		{BCB10803-7092-4B94-A18F-E0372C3C1BFB}.Release|Any CPU.Build.0 = Release|Any CPU
		{55424C36-4BC5-40AF-A693-59ABE158BA78}.Debug|Any CPU.ActiveCfg = Debug|Any CPU
		{55424C36-4BC5-40AF-A693-59ABE158BA78}.Debug|Any CPU.Build.0 = Debug|Any CPU
		{55424C36-4BC5-40AF-A693-59ABE158BA78}.Release|Any CPU.ActiveCfg = Release|Any CPU
		{55424C36-4BC5-40AF-A693-59ABE158BA78}.Release|Any CPU.Build.0 = Release|Any CPU
	EndGlobalSection
	GlobalSection(SolutionProperties) = preSolution
		HideSolutionNode = FALSE
	EndGlobalSection
	GlobalSection(ExtensibilityGlobals) = postSolution
		SolutionGuid = {A1016346-87E2-49EA-8DB6-8C9F449E8CF4}
	EndGlobalSection
EndGlobal
