
Microsoft Visual Studio Solution File, Format Version 12.00
# Visual Studio Version 17
VisualStudioVersion = 17.8.34511.84
MinimumVisualStudioVersion = 10.0.40219.1
Project("{9A19103F-16F7-4668-BE54-9A1E7A4F7556}") = "Minimal", "Minimal\Minimal.csproj", "{1A932921-6E35-4636-A068-8B3B9BDDE7CD}"
EndProject
Project("{9A19103F-16F7-4668-BE54-9A1E7A4F7556}") = "call_csharp_from_js", "..\call_csharp_from_js\call_csharp_from_js.csproj", "{03750055-5560-432D-BF5E-3A3962846A21}"
EndProject
Project("{D954291E-2A0B-460D-934E-DC6B0785DB48}") = "WebUI4CSharp", "..\WebUI4CSharp\SharedProject1\WebUI4CSharp.shproj", "{CFD1D900-3537-4FA9-9CFC-A8D1B215B8CA}"
EndProject
Project("{9A19103F-16F7-4668-BE54-9A1E7A4F7556}") = "call_js_from_csharp", "..\call_js_from_csharp\call_js_from_csharp.csproj", "{B17911FB-A850-43C3-86F6-6272B8559FA3}"
EndProject
Project("{9A19103F-16F7-4668-BE54-9A1E7A4F7556}") = "custom_web_server", "..\custom_web_server\custom_web_server.csproj", "{92380E26-0F51-4F82-BB08-E5C8251E9EF3}"
EndProject
Project("{9A19103F-16F7-4668-BE54-9A1E7A4F7556}") = "public_network_access", "..\public_network_access\public_network_access.csproj", "{82A0CBD3-DB62-4BA9-AD72-5DA50BCDE934}"
EndProject
Project("{FAE04EC0-301F-11D3-BF4B-00C04F79EFBC}") = "text-editor", "..\text-editor\text-editor.csproj", "{ACCC0C82-2F3C-4FC5-B744-A0F996931A38}"
EndProject
Global
	GlobalSection(SolutionConfigurationPlatforms) = preSolution
		Debug|Any CPU = Debug|Any CPU
		Release|Any CPU = Release|Any CPU
	EndGlobalSection
	GlobalSection(ProjectConfigurationPlatforms) = postSolution
		{1A932921-6E35-4636-A068-8B3B9BDDE7CD}.Debug|Any CPU.ActiveCfg = Debug|Any CPU
		{1A932921-6E35-4636-A068-8B3B9BDDE7CD}.Debug|Any CPU.Build.0 = Debug|Any CPU
		{1A932921-6E35-4636-A068-8B3B9BDDE7CD}.Release|Any CPU.ActiveCfg = Release|Any CPU
		{1A932921-6E35-4636-A068-8B3B9BDDE7CD}.Release|Any CPU.Build.0 = Release|Any CPU
		{03750055-5560-432D-BF5E-3A3962846A21}.Debug|Any CPU.ActiveCfg = Debug|Any CPU
		{03750055-5560-432D-BF5E-3A3962846A21}.Debug|Any CPU.Build.0 = Debug|Any CPU
		{03750055-5560-432D-BF5E-3A3962846A21}.Release|Any CPU.ActiveCfg = Release|Any CPU
		{03750055-5560-432D-BF5E-3A3962846A21}.Release|Any CPU.Build.0 = Release|Any CPU
		{B17911FB-A850-43C3-86F6-6272B8559FA3}.Debug|Any CPU.ActiveCfg = Debug|Any CPU
		{B17911FB-A850-43C3-86F6-6272B8559FA3}.Debug|Any CPU.Build.0 = Debug|Any CPU
		{B17911FB-A850-43C3-86F6-6272B8559FA3}.Release|Any CPU.ActiveCfg = Release|Any CPU
		{B17911FB-A850-43C3-86F6-6272B8559FA3}.Release|Any CPU.Build.0 = Release|Any CPU
		{92380E26-0F51-4F82-BB08-E5C8251E9EF3}.Debug|Any CPU.ActiveCfg = Debug|Any CPU
		{92380E26-0F51-4F82-BB08-E5C8251E9EF3}.Debug|Any CPU.Build.0 = Debug|Any CPU
		{92380E26-0F51-4F82-BB08-E5C8251E9EF3}.Release|Any CPU.ActiveCfg = Release|Any CPU
		{92380E26-0F51-4F82-BB08-E5C8251E9EF3}.Release|Any CPU.Build.0 = Release|Any CPU
		{82A0CBD3-DB62-4BA9-AD72-5DA50BCDE934}.Debug|Any CPU.ActiveCfg = Debug|Any CPU
		{82A0CBD3-DB62-4BA9-AD72-5DA50BCDE934}.Debug|Any CPU.Build.0 = Debug|Any CPU
		{82A0CBD3-DB62-4BA9-AD72-5DA50BCDE934}.Release|Any CPU.ActiveCfg = Release|Any CPU
		{82A0CBD3-DB62-4BA9-AD72-5DA50BCDE934}.Release|Any CPU.Build.0 = Release|Any CPU
		{ACCC0C82-2F3C-4FC5-B744-A0F996931A38}.Debug|Any CPU.ActiveCfg = Debug|Any CPU
		{ACCC0C82-2F3C-4FC5-B744-A0F996931A38}.Debug|Any CPU.Build.0 = Debug|Any CPU
		{ACCC0C82-2F3C-4FC5-B744-A0F996931A38}.Release|Any CPU.ActiveCfg = Release|Any CPU
		{ACCC0C82-2F3C-4FC5-B744-A0F996931A38}.Release|Any CPU.Build.0 = Release|Any CPU
	EndGlobalSection
	GlobalSection(SolutionProperties) = preSolution
		HideSolutionNode = FALSE
	EndGlobalSection
	GlobalSection(ExtensibilityGlobals) = postSolution
		SolutionGuid = {5237BADE-AA89-4D5C-94F1-B9D8EAB93D11}
	EndGlobalSection
	GlobalSection(SharedMSBuildProjectFiles) = preSolution
		..\WebUI4CSharp\SharedProject1\SharedProject1.projitems*{03750055-5560-432d-bf5e-3a3962846a21}*SharedItemsImports = 5
		..\WebUI4CSharp\SharedProject1\SharedProject1.projitems*{1a932921-6e35-4636-a068-8b3b9bdde7cd}*SharedItemsImports = 5
		..\WebUI4CSharp\SharedProject1\SharedProject1.projitems*{82a0cbd3-db62-4ba9-ad72-5da50bcde934}*SharedItemsImports = 5
		..\WebUI4CSharp\SharedProject1\SharedProject1.projitems*{92380e26-0f51-4f82-bb08-e5c8251e9ef3}*SharedItemsImports = 5
		..\WebUI4CSharp\SharedProject1\SharedProject1.projitems*{accc0c82-2f3c-4fc5-b744-a0f996931a38}*SharedItemsImports = 5
		..\WebUI4CSharp\SharedProject1\SharedProject1.projitems*{b17911fb-a850-43c3-86f6-6272b8559fa3}*SharedItemsImports = 5
		..\WebUI4CSharp\SharedProject1\SharedProject1.projitems*{cfd1d900-3537-4fa9-9cfc-a8d1b215b8ca}*SharedItemsImports = 13
	EndGlobalSection
EndGlobal
