
Microsoft Visual Studio Solution File, Format Version 12.00
# Visual Studio Version 17
VisualStudioVersion = 17.8.34511.84
MinimumVisualStudioVersion = 10.0.40219.1
Project("{D954291E-2A0B-460D-934E-DC6B0785DB48}") = "WebUI4CSharp", "WebUI4CSharp.shproj", "{6F35FD1F-6A07-4BB7-AB29-86BF280B75B7}"
EndProject
Project("{9A19103F-16F7-4668-BE54-9A1E7A4F7556}") = "console_call_csharp_from_js", "..\demos\console_call_csharp_from_js\console_call_csharp_from_js.csproj", "{97E3335E-1155-4339-BE07-5F6F2C70A0C3}"
EndProject
Project("{9A19103F-16F7-4668-BE54-9A1E7A4F7556}") = "console_call_js_from_csharp", "..\demos\console_call_js_from_csharp\console_call_js_from_csharp.csproj", "{F6D4DF06-43E8-468E-9D1E-C4F4720702A1}"
EndProject
Project("{9A19103F-16F7-4668-BE54-9A1E7A4F7556}") = "console_custom_web_server", "..\demos\console_custom_web_server\console_custom_web_server.csproj", "{F97E01DF-912D-4D5B-8C0F-28511A12E6BF}"
EndProject
Project("{9A19103F-16F7-4668-BE54-9A1E7A4F7556}") = "console_minimal", "..\demos\console_minimal\console_minimal.csproj", "{F7DFA9C2-86BC-4017-AFFD-65F41452721E}"
EndProject
Project("{9A19103F-16F7-4668-BE54-9A1E7A4F7556}") = "console_public_network_access", "..\demos\console_public_network_access\console_public_network_access.csproj", "{10951DB4-2F8C-481E-A379-ABAF6DAC9F04}"
EndProject
Project("{9A19103F-16F7-4668-BE54-9A1E7A4F7556}") = "console_serve_a_folder", "..\demos\console_serve_a_folder\console_serve_a_folder.csproj", "{BF1568C6-4B1B-4DD1-A067-5B94FDD4EB19}"
EndProject
Project("{9A19103F-16F7-4668-BE54-9A1E7A4F7556}") = "console_text_editor", "..\demos\console_text_editor\console_text_editor.csproj", "{F9869B76-AF44-493D-9CBD-E6B52F5EB12A}"
EndProject
Project("{9A19103F-16F7-4668-BE54-9A1E7A4F7556}") = "winforms_minimal", "..\demos\winforms_minimal\winforms_minimal.csproj", "{F8F3D60F-47A6-4CB9-821D-33C5768473F7}"
EndProject
Project("{9A19103F-16F7-4668-BE54-9A1E7A4F7556}") = "winforms_call_csharp_from_js", "..\demos\winforms_call_csharp_from_js\winforms_call_csharp_from_js.csproj", "{8E2CE7FE-4662-4198-9669-1CD8A34824E0}"
EndProject
Project("{9A19103F-16F7-4668-BE54-9A1E7A4F7556}") = "winforms_call_js_from_csharp", "..\demos\winforms_call_js_from_csharp\winforms_call_js_from_csharp.csproj", "{14D7A22E-C6A3-4556-B7F7-5233F1E29F2C}"
EndProject
Project("{9A19103F-16F7-4668-BE54-9A1E7A4F7556}") = "winforms_custom_web_server", "..\demos\winforms_custom_web_server\winforms_custom_web_server.csproj", "{02E75C91-BEDE-4DD1-AF13-BB953FD85F2A}"
EndProject
Project("{9A19103F-16F7-4668-BE54-9A1E7A4F7556}") = "winforms_public_network_access", "..\demos\winforms_public_network_access\winforms_public_network_access.csproj", "{C36644CE-BCE3-4B91-9DB9-851D8C7DEDF2}"
EndProject
Project("{9A19103F-16F7-4668-BE54-9A1E7A4F7556}") = "winforms_serve_a_folder", "..\demos\winforms_serve_a_folder\winforms_serve_a_folder.csproj", "{A40F5B2E-DCB3-42CC-AEC1-96AE5B4F582E}"
EndProject
Project("{9A19103F-16F7-4668-BE54-9A1E7A4F7556}") = "winforms_text_editor", "..\demos\winforms_text_editor\winforms_text_editor.csproj", "{3DE6FA90-9A24-4E4B-B491-D64DE041D9CC}"
EndProject
Project("{9A19103F-16F7-4668-BE54-9A1E7A4F7556}") = "wpf_minimal", "..\demos\wpf_minimal\wpf_minimal.csproj", "{B534EE4F-D2B3-43B0-BBC0-3B24A15CED15}"
EndProject
Project("{9A19103F-16F7-4668-BE54-9A1E7A4F7556}") = "wpf_call_csharp_from_js", "..\demos\wpf_call_csharp_from_js\wpf_call_csharp_from_js.csproj", "{6E9370D6-3D5C-43E5-8794-48D7631AFAE6}"
EndProject
Project("{9A19103F-16F7-4668-BE54-9A1E7A4F7556}") = "wpf_call_js_from_csharp", "..\demos\wpf_call_js_from_csharp\wpf_call_js_from_csharp.csproj", "{E1750092-E278-41E1-8479-8B84DFB5E142}"
EndProject
Project("{9A19103F-16F7-4668-BE54-9A1E7A4F7556}") = "wpf_custom_web_server", "..\demos\wpf_custom_web_server\wpf_custom_web_server.csproj", "{3A860BE4-8B23-4AB2-9912-5050DDBD6CB7}"
EndProject
Project("{9A19103F-16F7-4668-BE54-9A1E7A4F7556}") = "wpf_public_network_access", "..\demos\wpf_public_network_access\wpf_public_network_access.csproj", "{5BA34C46-3125-4B73-8023-3D36CC45F63C}"
EndProject
Project("{9A19103F-16F7-4668-BE54-9A1E7A4F7556}") = "wpf_serve_a_folder", "..\demos\wpf_serve_a_folder\wpf_serve_a_folder.csproj", "{CC1E42D1-FD35-4FBA-9650-D44ACC4DA9D2}"
EndProject
Project("{9A19103F-16F7-4668-BE54-9A1E7A4F7556}") = "wpf_text_editor", "..\demos\wpf_text_editor\wpf_text_editor.csproj", "{75083401-0D52-4806-8268-55EBC4FB2A66}"
EndProject
Project("{2150E333-8FDC-42A3-9474-1A3956D46DE8}") = "demos", "demos", "{0A6F48BD-BFC9-4E78-AFCB-F7A8D9BF040B}"
EndProject
Global
	GlobalSection(SolutionConfigurationPlatforms) = preSolution
		Debug|Any CPU = Debug|Any CPU
		Debug|x64 = Debug|x64
		Debug|x86 = Debug|x86
		Release|Any CPU = Release|Any CPU
		Release|x64 = Release|x64
		Release|x86 = Release|x86
	EndGlobalSection
	GlobalSection(ProjectConfigurationPlatforms) = postSolution
		{97E3335E-1155-4339-BE07-5F6F2C70A0C3}.Debug|Any CPU.ActiveCfg = Debug|Any CPU
		{97E3335E-1155-4339-BE07-5F6F2C70A0C3}.Debug|Any CPU.Build.0 = Debug|Any CPU
		{97E3335E-1155-4339-BE07-5F6F2C70A0C3}.Debug|x64.ActiveCfg = Debug|x64
		{97E3335E-1155-4339-BE07-5F6F2C70A0C3}.Debug|x64.Build.0 = Debug|x64
		{97E3335E-1155-4339-BE07-5F6F2C70A0C3}.Debug|x86.ActiveCfg = Debug|x86
		{97E3335E-1155-4339-BE07-5F6F2C70A0C3}.Debug|x86.Build.0 = Debug|x86
		{97E3335E-1155-4339-BE07-5F6F2C70A0C3}.Release|Any CPU.ActiveCfg = Release|Any CPU
		{97E3335E-1155-4339-BE07-5F6F2C70A0C3}.Release|Any CPU.Build.0 = Release|Any CPU
		{97E3335E-1155-4339-BE07-5F6F2C70A0C3}.Release|x64.ActiveCfg = Release|x64
		{97E3335E-1155-4339-BE07-5F6F2C70A0C3}.Release|x64.Build.0 = Release|x64
		{97E3335E-1155-4339-BE07-5F6F2C70A0C3}.Release|x86.ActiveCfg = Release|x86
		{97E3335E-1155-4339-BE07-5F6F2C70A0C3}.Release|x86.Build.0 = Release|x86
		{F6D4DF06-43E8-468E-9D1E-C4F4720702A1}.Debug|Any CPU.ActiveCfg = Debug|Any CPU
		{F6D4DF06-43E8-468E-9D1E-C4F4720702A1}.Debug|Any CPU.Build.0 = Debug|Any CPU
		{F6D4DF06-43E8-468E-9D1E-C4F4720702A1}.Debug|x64.ActiveCfg = Debug|x64
		{F6D4DF06-43E8-468E-9D1E-C4F4720702A1}.Debug|x64.Build.0 = Debug|x64
		{F6D4DF06-43E8-468E-9D1E-C4F4720702A1}.Debug|x86.ActiveCfg = Debug|x86
		{F6D4DF06-43E8-468E-9D1E-C4F4720702A1}.Debug|x86.Build.0 = Debug|x86
		{F6D4DF06-43E8-468E-9D1E-C4F4720702A1}.Release|Any CPU.ActiveCfg = Release|Any CPU
		{F6D4DF06-43E8-468E-9D1E-C4F4720702A1}.Release|Any CPU.Build.0 = Release|Any CPU
		{F6D4DF06-43E8-468E-9D1E-C4F4720702A1}.Release|x64.ActiveCfg = Release|x64
		{F6D4DF06-43E8-468E-9D1E-C4F4720702A1}.Release|x64.Build.0 = Release|x64
		{F6D4DF06-43E8-468E-9D1E-C4F4720702A1}.Release|x86.ActiveCfg = Release|x86
		{F6D4DF06-43E8-468E-9D1E-C4F4720702A1}.Release|x86.Build.0 = Release|x86
		{F97E01DF-912D-4D5B-8C0F-28511A12E6BF}.Debug|Any CPU.ActiveCfg = Debug|Any CPU
		{F97E01DF-912D-4D5B-8C0F-28511A12E6BF}.Debug|Any CPU.Build.0 = Debug|Any CPU
		{F97E01DF-912D-4D5B-8C0F-28511A12E6BF}.Debug|x64.ActiveCfg = Debug|x64
		{F97E01DF-912D-4D5B-8C0F-28511A12E6BF}.Debug|x64.Build.0 = Debug|x64
		{F97E01DF-912D-4D5B-8C0F-28511A12E6BF}.Debug|x86.ActiveCfg = Debug|x86
		{F97E01DF-912D-4D5B-8C0F-28511A12E6BF}.Debug|x86.Build.0 = Debug|x86
		{F97E01DF-912D-4D5B-8C0F-28511A12E6BF}.Release|Any CPU.ActiveCfg = Release|Any CPU
		{F97E01DF-912D-4D5B-8C0F-28511A12E6BF}.Release|Any CPU.Build.0 = Release|Any CPU
		{F97E01DF-912D-4D5B-8C0F-28511A12E6BF}.Release|x64.ActiveCfg = Release|x64
		{F97E01DF-912D-4D5B-8C0F-28511A12E6BF}.Release|x64.Build.0 = Release|x64
		{F97E01DF-912D-4D5B-8C0F-28511A12E6BF}.Release|x86.ActiveCfg = Release|x86
		{F97E01DF-912D-4D5B-8C0F-28511A12E6BF}.Release|x86.Build.0 = Release|x86
		{F7DFA9C2-86BC-4017-AFFD-65F41452721E}.Debug|Any CPU.ActiveCfg = Debug|Any CPU
		{F7DFA9C2-86BC-4017-AFFD-65F41452721E}.Debug|Any CPU.Build.0 = Debug|Any CPU
		{F7DFA9C2-86BC-4017-AFFD-65F41452721E}.Debug|x64.ActiveCfg = Debug|x64
		{F7DFA9C2-86BC-4017-AFFD-65F41452721E}.Debug|x64.Build.0 = Debug|x64
		{F7DFA9C2-86BC-4017-AFFD-65F41452721E}.Debug|x86.ActiveCfg = Debug|x86
		{F7DFA9C2-86BC-4017-AFFD-65F41452721E}.Debug|x86.Build.0 = Debug|x86
		{F7DFA9C2-86BC-4017-AFFD-65F41452721E}.Release|Any CPU.ActiveCfg = Release|Any CPU
		{F7DFA9C2-86BC-4017-AFFD-65F41452721E}.Release|Any CPU.Build.0 = Release|Any CPU
		{F7DFA9C2-86BC-4017-AFFD-65F41452721E}.Release|x64.ActiveCfg = Release|x64
		{F7DFA9C2-86BC-4017-AFFD-65F41452721E}.Release|x64.Build.0 = Release|x64
		{F7DFA9C2-86BC-4017-AFFD-65F41452721E}.Release|x86.ActiveCfg = Release|x86
		{F7DFA9C2-86BC-4017-AFFD-65F41452721E}.Release|x86.Build.0 = Release|x86
		{10951DB4-2F8C-481E-A379-ABAF6DAC9F04}.Debug|Any CPU.ActiveCfg = Debug|Any CPU
		{10951DB4-2F8C-481E-A379-ABAF6DAC9F04}.Debug|Any CPU.Build.0 = Debug|Any CPU
		{10951DB4-2F8C-481E-A379-ABAF6DAC9F04}.Debug|x64.ActiveCfg = Debug|x64
		{10951DB4-2F8C-481E-A379-ABAF6DAC9F04}.Debug|x64.Build.0 = Debug|x64
		{10951DB4-2F8C-481E-A379-ABAF6DAC9F04}.Debug|x86.ActiveCfg = Debug|x86
		{10951DB4-2F8C-481E-A379-ABAF6DAC9F04}.Debug|x86.Build.0 = Debug|x86
		{10951DB4-2F8C-481E-A379-ABAF6DAC9F04}.Release|Any CPU.ActiveCfg = Release|Any CPU
		{10951DB4-2F8C-481E-A379-ABAF6DAC9F04}.Release|Any CPU.Build.0 = Release|Any CPU
		{10951DB4-2F8C-481E-A379-ABAF6DAC9F04}.Release|x64.ActiveCfg = Release|x64
		{10951DB4-2F8C-481E-A379-ABAF6DAC9F04}.Release|x64.Build.0 = Release|x64
		{10951DB4-2F8C-481E-A379-ABAF6DAC9F04}.Release|x86.ActiveCfg = Release|x86
		{10951DB4-2F8C-481E-A379-ABAF6DAC9F04}.Release|x86.Build.0 = Release|x86
		{BF1568C6-4B1B-4DD1-A067-5B94FDD4EB19}.Debug|Any CPU.ActiveCfg = Debug|Any CPU
		{BF1568C6-4B1B-4DD1-A067-5B94FDD4EB19}.Debug|Any CPU.Build.0 = Debug|Any CPU
		{BF1568C6-4B1B-4DD1-A067-5B94FDD4EB19}.Debug|x64.ActiveCfg = Debug|x64
		{BF1568C6-4B1B-4DD1-A067-5B94FDD4EB19}.Debug|x64.Build.0 = Debug|x64
		{BF1568C6-4B1B-4DD1-A067-5B94FDD4EB19}.Debug|x86.ActiveCfg = Debug|x86
		{BF1568C6-4B1B-4DD1-A067-5B94FDD4EB19}.Debug|x86.Build.0 = Debug|x86
		{BF1568C6-4B1B-4DD1-A067-5B94FDD4EB19}.Release|Any CPU.ActiveCfg = Release|Any CPU
		{BF1568C6-4B1B-4DD1-A067-5B94FDD4EB19}.Release|Any CPU.Build.0 = Release|Any CPU
		{BF1568C6-4B1B-4DD1-A067-5B94FDD4EB19}.Release|x64.ActiveCfg = Release|x64
		{BF1568C6-4B1B-4DD1-A067-5B94FDD4EB19}.Release|x64.Build.0 = Release|x64
		{BF1568C6-4B1B-4DD1-A067-5B94FDD4EB19}.Release|x86.ActiveCfg = Release|x86
		{BF1568C6-4B1B-4DD1-A067-5B94FDD4EB19}.Release|x86.Build.0 = Release|x86
		{F9869B76-AF44-493D-9CBD-E6B52F5EB12A}.Debug|Any CPU.ActiveCfg = Debug|Any CPU
		{F9869B76-AF44-493D-9CBD-E6B52F5EB12A}.Debug|Any CPU.Build.0 = Debug|Any CPU
		{F9869B76-AF44-493D-9CBD-E6B52F5EB12A}.Debug|x64.ActiveCfg = Debug|x64
		{F9869B76-AF44-493D-9CBD-E6B52F5EB12A}.Debug|x64.Build.0 = Debug|x64
		{F9869B76-AF44-493D-9CBD-E6B52F5EB12A}.Debug|x86.ActiveCfg = Debug|x86
		{F9869B76-AF44-493D-9CBD-E6B52F5EB12A}.Debug|x86.Build.0 = Debug|x86
		{F9869B76-AF44-493D-9CBD-E6B52F5EB12A}.Release|Any CPU.ActiveCfg = Release|Any CPU
		{F9869B76-AF44-493D-9CBD-E6B52F5EB12A}.Release|Any CPU.Build.0 = Release|Any CPU
		{F9869B76-AF44-493D-9CBD-E6B52F5EB12A}.Release|x64.ActiveCfg = Release|x64
		{F9869B76-AF44-493D-9CBD-E6B52F5EB12A}.Release|x64.Build.0 = Release|x64
		{F9869B76-AF44-493D-9CBD-E6B52F5EB12A}.Release|x86.ActiveCfg = Release|x86
		{F9869B76-AF44-493D-9CBD-E6B52F5EB12A}.Release|x86.Build.0 = Release|x86
		{F8F3D60F-47A6-4CB9-821D-33C5768473F7}.Debug|Any CPU.ActiveCfg = Debug|Any CPU
		{F8F3D60F-47A6-4CB9-821D-33C5768473F7}.Debug|Any CPU.Build.0 = Debug|Any CPU
		{F8F3D60F-47A6-4CB9-821D-33C5768473F7}.Debug|x64.ActiveCfg = Debug|x64
		{F8F3D60F-47A6-4CB9-821D-33C5768473F7}.Debug|x64.Build.0 = Debug|x64
		{F8F3D60F-47A6-4CB9-821D-33C5768473F7}.Debug|x86.ActiveCfg = Debug|x86
		{F8F3D60F-47A6-4CB9-821D-33C5768473F7}.Debug|x86.Build.0 = Debug|x86
		{F8F3D60F-47A6-4CB9-821D-33C5768473F7}.Release|Any CPU.ActiveCfg = Release|Any CPU
		{F8F3D60F-47A6-4CB9-821D-33C5768473F7}.Release|Any CPU.Build.0 = Release|Any CPU
		{F8F3D60F-47A6-4CB9-821D-33C5768473F7}.Release|x64.ActiveCfg = Release|x64
		{F8F3D60F-47A6-4CB9-821D-33C5768473F7}.Release|x64.Build.0 = Release|x64
		{F8F3D60F-47A6-4CB9-821D-33C5768473F7}.Release|x86.ActiveCfg = Release|x86
		{F8F3D60F-47A6-4CB9-821D-33C5768473F7}.Release|x86.Build.0 = Release|x86
		{8E2CE7FE-4662-4198-9669-1CD8A34824E0}.Debug|Any CPU.ActiveCfg = Debug|Any CPU
		{8E2CE7FE-4662-4198-9669-1CD8A34824E0}.Debug|Any CPU.Build.0 = Debug|Any CPU
		{8E2CE7FE-4662-4198-9669-1CD8A34824E0}.Debug|x64.ActiveCfg = Debug|x64
		{8E2CE7FE-4662-4198-9669-1CD8A34824E0}.Debug|x64.Build.0 = Debug|x64
		{8E2CE7FE-4662-4198-9669-1CD8A34824E0}.Debug|x86.ActiveCfg = Debug|x86
		{8E2CE7FE-4662-4198-9669-1CD8A34824E0}.Debug|x86.Build.0 = Debug|x86
		{8E2CE7FE-4662-4198-9669-1CD8A34824E0}.Release|Any CPU.ActiveCfg = Release|Any CPU
		{8E2CE7FE-4662-4198-9669-1CD8A34824E0}.Release|Any CPU.Build.0 = Release|Any CPU
		{8E2CE7FE-4662-4198-9669-1CD8A34824E0}.Release|x64.ActiveCfg = Release|x64
		{8E2CE7FE-4662-4198-9669-1CD8A34824E0}.Release|x64.Build.0 = Release|x64
		{8E2CE7FE-4662-4198-9669-1CD8A34824E0}.Release|x86.ActiveCfg = Release|x86
		{8E2CE7FE-4662-4198-9669-1CD8A34824E0}.Release|x86.Build.0 = Release|x86
		{14D7A22E-C6A3-4556-B7F7-5233F1E29F2C}.Debug|Any CPU.ActiveCfg = Debug|Any CPU
		{14D7A22E-C6A3-4556-B7F7-5233F1E29F2C}.Debug|Any CPU.Build.0 = Debug|Any CPU
		{14D7A22E-C6A3-4556-B7F7-5233F1E29F2C}.Debug|x64.ActiveCfg = Debug|x64
		{14D7A22E-C6A3-4556-B7F7-5233F1E29F2C}.Debug|x64.Build.0 = Debug|x64
		{14D7A22E-C6A3-4556-B7F7-5233F1E29F2C}.Debug|x86.ActiveCfg = Debug|x86
		{14D7A22E-C6A3-4556-B7F7-5233F1E29F2C}.Debug|x86.Build.0 = Debug|x86
		{14D7A22E-C6A3-4556-B7F7-5233F1E29F2C}.Release|Any CPU.ActiveCfg = Release|Any CPU
		{14D7A22E-C6A3-4556-B7F7-5233F1E29F2C}.Release|Any CPU.Build.0 = Release|Any CPU
		{14D7A22E-C6A3-4556-B7F7-5233F1E29F2C}.Release|x64.ActiveCfg = Release|x64
		{14D7A22E-C6A3-4556-B7F7-5233F1E29F2C}.Release|x64.Build.0 = Release|x64
		{14D7A22E-C6A3-4556-B7F7-5233F1E29F2C}.Release|x86.ActiveCfg = Release|x86
		{14D7A22E-C6A3-4556-B7F7-5233F1E29F2C}.Release|x86.Build.0 = Release|x86
		{02E75C91-BEDE-4DD1-AF13-BB953FD85F2A}.Debug|Any CPU.ActiveCfg = Debug|Any CPU
		{02E75C91-BEDE-4DD1-AF13-BB953FD85F2A}.Debug|Any CPU.Build.0 = Debug|Any CPU
		{02E75C91-BEDE-4DD1-AF13-BB953FD85F2A}.Debug|x64.ActiveCfg = Debug|x64
		{02E75C91-BEDE-4DD1-AF13-BB953FD85F2A}.Debug|x64.Build.0 = Debug|x64
		{02E75C91-BEDE-4DD1-AF13-BB953FD85F2A}.Debug|x86.ActiveCfg = Debug|x86
		{02E75C91-BEDE-4DD1-AF13-BB953FD85F2A}.Debug|x86.Build.0 = Debug|x86
		{02E75C91-BEDE-4DD1-AF13-BB953FD85F2A}.Release|Any CPU.ActiveCfg = Release|Any CPU
		{02E75C91-BEDE-4DD1-AF13-BB953FD85F2A}.Release|Any CPU.Build.0 = Release|Any CPU
		{02E75C91-BEDE-4DD1-AF13-BB953FD85F2A}.Release|x64.ActiveCfg = Release|x64
		{02E75C91-BEDE-4DD1-AF13-BB953FD85F2A}.Release|x64.Build.0 = Release|x64
		{02E75C91-BEDE-4DD1-AF13-BB953FD85F2A}.Release|x86.ActiveCfg = Release|x86
		{02E75C91-BEDE-4DD1-AF13-BB953FD85F2A}.Release|x86.Build.0 = Release|x86
		{C36644CE-BCE3-4B91-9DB9-851D8C7DEDF2}.Debug|Any CPU.ActiveCfg = Debug|Any CPU
		{C36644CE-BCE3-4B91-9DB9-851D8C7DEDF2}.Debug|Any CPU.Build.0 = Debug|Any CPU
		{C36644CE-BCE3-4B91-9DB9-851D8C7DEDF2}.Debug|x64.ActiveCfg = Debug|x64
		{C36644CE-BCE3-4B91-9DB9-851D8C7DEDF2}.Debug|x64.Build.0 = Debug|x64
		{C36644CE-BCE3-4B91-9DB9-851D8C7DEDF2}.Debug|x86.ActiveCfg = Debug|x86
		{C36644CE-BCE3-4B91-9DB9-851D8C7DEDF2}.Debug|x86.Build.0 = Debug|x86
		{C36644CE-BCE3-4B91-9DB9-851D8C7DEDF2}.Release|Any CPU.ActiveCfg = Release|Any CPU
		{C36644CE-BCE3-4B91-9DB9-851D8C7DEDF2}.Release|Any CPU.Build.0 = Release|Any CPU
		{C36644CE-BCE3-4B91-9DB9-851D8C7DEDF2}.Release|x64.ActiveCfg = Release|x64
		{C36644CE-BCE3-4B91-9DB9-851D8C7DEDF2}.Release|x64.Build.0 = Release|x64
		{C36644CE-BCE3-4B91-9DB9-851D8C7DEDF2}.Release|x86.ActiveCfg = Release|x86
		{C36644CE-BCE3-4B91-9DB9-851D8C7DEDF2}.Release|x86.Build.0 = Release|x86
		{A40F5B2E-DCB3-42CC-AEC1-96AE5B4F582E}.Debug|Any CPU.ActiveCfg = Debug|Any CPU
		{A40F5B2E-DCB3-42CC-AEC1-96AE5B4F582E}.Debug|Any CPU.Build.0 = Debug|Any CPU
		{A40F5B2E-DCB3-42CC-AEC1-96AE5B4F582E}.Debug|x64.ActiveCfg = Debug|x64
		{A40F5B2E-DCB3-42CC-AEC1-96AE5B4F582E}.Debug|x64.Build.0 = Debug|x64
		{A40F5B2E-DCB3-42CC-AEC1-96AE5B4F582E}.Debug|x86.ActiveCfg = Debug|x86
		{A40F5B2E-DCB3-42CC-AEC1-96AE5B4F582E}.Debug|x86.Build.0 = Debug|x86
		{A40F5B2E-DCB3-42CC-AEC1-96AE5B4F582E}.Release|Any CPU.ActiveCfg = Release|Any CPU
		{A40F5B2E-DCB3-42CC-AEC1-96AE5B4F582E}.Release|Any CPU.Build.0 = Release|Any CPU
		{A40F5B2E-DCB3-42CC-AEC1-96AE5B4F582E}.Release|x64.ActiveCfg = Release|x64
		{A40F5B2E-DCB3-42CC-AEC1-96AE5B4F582E}.Release|x64.Build.0 = Release|x64
		{A40F5B2E-DCB3-42CC-AEC1-96AE5B4F582E}.Release|x86.ActiveCfg = Release|x86
		{A40F5B2E-DCB3-42CC-AEC1-96AE5B4F582E}.Release|x86.Build.0 = Release|x86
		{3DE6FA90-9A24-4E4B-B491-D64DE041D9CC}.Debug|Any CPU.ActiveCfg = Debug|Any CPU
		{3DE6FA90-9A24-4E4B-B491-D64DE041D9CC}.Debug|Any CPU.Build.0 = Debug|Any CPU
		{3DE6FA90-9A24-4E4B-B491-D64DE041D9CC}.Debug|x64.ActiveCfg = Debug|x64
		{3DE6FA90-9A24-4E4B-B491-D64DE041D9CC}.Debug|x64.Build.0 = Debug|x64
		{3DE6FA90-9A24-4E4B-B491-D64DE041D9CC}.Debug|x86.ActiveCfg = Debug|x86
		{3DE6FA90-9A24-4E4B-B491-D64DE041D9CC}.Debug|x86.Build.0 = Debug|x86
		{3DE6FA90-9A24-4E4B-B491-D64DE041D9CC}.Release|Any CPU.ActiveCfg = Release|Any CPU
		{3DE6FA90-9A24-4E4B-B491-D64DE041D9CC}.Release|Any CPU.Build.0 = Release|Any CPU
		{3DE6FA90-9A24-4E4B-B491-D64DE041D9CC}.Release|x64.ActiveCfg = Release|x64
		{3DE6FA90-9A24-4E4B-B491-D64DE041D9CC}.Release|x64.Build.0 = Release|x64
		{3DE6FA90-9A24-4E4B-B491-D64DE041D9CC}.Release|x86.ActiveCfg = Release|x86
		{3DE6FA90-9A24-4E4B-B491-D64DE041D9CC}.Release|x86.Build.0 = Release|x86
		{B534EE4F-D2B3-43B0-BBC0-3B24A15CED15}.Debug|Any CPU.ActiveCfg = Debug|Any CPU
		{B534EE4F-D2B3-43B0-BBC0-3B24A15CED15}.Debug|Any CPU.Build.0 = Debug|Any CPU
		{B534EE4F-D2B3-43B0-BBC0-3B24A15CED15}.Debug|x64.ActiveCfg = Debug|x64
		{B534EE4F-D2B3-43B0-BBC0-3B24A15CED15}.Debug|x64.Build.0 = Debug|x64
		{B534EE4F-D2B3-43B0-BBC0-3B24A15CED15}.Debug|x86.ActiveCfg = Debug|x86
		{B534EE4F-D2B3-43B0-BBC0-3B24A15CED15}.Debug|x86.Build.0 = Debug|x86
		{B534EE4F-D2B3-43B0-BBC0-3B24A15CED15}.Release|Any CPU.ActiveCfg = Release|Any CPU
		{B534EE4F-D2B3-43B0-BBC0-3B24A15CED15}.Release|Any CPU.Build.0 = Release|Any CPU
		{B534EE4F-D2B3-43B0-BBC0-3B24A15CED15}.Release|x64.ActiveCfg = Release|x64
		{B534EE4F-D2B3-43B0-BBC0-3B24A15CED15}.Release|x64.Build.0 = Release|x64
		{B534EE4F-D2B3-43B0-BBC0-3B24A15CED15}.Release|x86.ActiveCfg = Release|x86
		{B534EE4F-D2B3-43B0-BBC0-3B24A15CED15}.Release|x86.Build.0 = Release|x86
		{6E9370D6-3D5C-43E5-8794-48D7631AFAE6}.Debug|Any CPU.ActiveCfg = Debug|Any CPU
		{6E9370D6-3D5C-43E5-8794-48D7631AFAE6}.Debug|Any CPU.Build.0 = Debug|Any CPU
		{6E9370D6-3D5C-43E5-8794-48D7631AFAE6}.Debug|x64.ActiveCfg = Debug|x64
		{6E9370D6-3D5C-43E5-8794-48D7631AFAE6}.Debug|x64.Build.0 = Debug|x64
		{6E9370D6-3D5C-43E5-8794-48D7631AFAE6}.Debug|x86.ActiveCfg = Debug|x86
		{6E9370D6-3D5C-43E5-8794-48D7631AFAE6}.Debug|x86.Build.0 = Debug|x86
		{6E9370D6-3D5C-43E5-8794-48D7631AFAE6}.Release|Any CPU.ActiveCfg = Release|Any CPU
		{6E9370D6-3D5C-43E5-8794-48D7631AFAE6}.Release|Any CPU.Build.0 = Release|Any CPU
		{6E9370D6-3D5C-43E5-8794-48D7631AFAE6}.Release|x64.ActiveCfg = Release|x64
		{6E9370D6-3D5C-43E5-8794-48D7631AFAE6}.Release|x64.Build.0 = Release|x64
		{6E9370D6-3D5C-43E5-8794-48D7631AFAE6}.Release|x86.ActiveCfg = Release|x86
		{6E9370D6-3D5C-43E5-8794-48D7631AFAE6}.Release|x86.Build.0 = Release|x86
		{E1750092-E278-41E1-8479-8B84DFB5E142}.Debug|Any CPU.ActiveCfg = Debug|Any CPU
		{E1750092-E278-41E1-8479-8B84DFB5E142}.Debug|Any CPU.Build.0 = Debug|Any CPU
		{E1750092-E278-41E1-8479-8B84DFB5E142}.Debug|x64.ActiveCfg = Debug|x64
		{E1750092-E278-41E1-8479-8B84DFB5E142}.Debug|x64.Build.0 = Debug|x64
		{E1750092-E278-41E1-8479-8B84DFB5E142}.Debug|x86.ActiveCfg = Debug|x86
		{E1750092-E278-41E1-8479-8B84DFB5E142}.Debug|x86.Build.0 = Debug|x86
		{E1750092-E278-41E1-8479-8B84DFB5E142}.Release|Any CPU.ActiveCfg = Release|Any CPU
		{E1750092-E278-41E1-8479-8B84DFB5E142}.Release|Any CPU.Build.0 = Release|Any CPU
		{E1750092-E278-41E1-8479-8B84DFB5E142}.Release|x64.ActiveCfg = Release|x64
		{E1750092-E278-41E1-8479-8B84DFB5E142}.Release|x64.Build.0 = Release|x64
		{E1750092-E278-41E1-8479-8B84DFB5E142}.Release|x86.ActiveCfg = Release|x86
		{E1750092-E278-41E1-8479-8B84DFB5E142}.Release|x86.Build.0 = Release|x86
		{3A860BE4-8B23-4AB2-9912-5050DDBD6CB7}.Debug|Any CPU.ActiveCfg = Debug|Any CPU
		{3A860BE4-8B23-4AB2-9912-5050DDBD6CB7}.Debug|Any CPU.Build.0 = Debug|Any CPU
		{3A860BE4-8B23-4AB2-9912-5050DDBD6CB7}.Debug|x64.ActiveCfg = Debug|x64
		{3A860BE4-8B23-4AB2-9912-5050DDBD6CB7}.Debug|x64.Build.0 = Debug|x64
		{3A860BE4-8B23-4AB2-9912-5050DDBD6CB7}.Debug|x86.ActiveCfg = Debug|x86
		{3A860BE4-8B23-4AB2-9912-5050DDBD6CB7}.Debug|x86.Build.0 = Debug|x86
		{3A860BE4-8B23-4AB2-9912-5050DDBD6CB7}.Release|Any CPU.ActiveCfg = Release|Any CPU
		{3A860BE4-8B23-4AB2-9912-5050DDBD6CB7}.Release|Any CPU.Build.0 = Release|Any CPU
		{3A860BE4-8B23-4AB2-9912-5050DDBD6CB7}.Release|x64.ActiveCfg = Release|x64
		{3A860BE4-8B23-4AB2-9912-5050DDBD6CB7}.Release|x64.Build.0 = Release|x64
		{3A860BE4-8B23-4AB2-9912-5050DDBD6CB7}.Release|x86.ActiveCfg = Release|x86
		{3A860BE4-8B23-4AB2-9912-5050DDBD6CB7}.Release|x86.Build.0 = Release|x86
		{5BA34C46-3125-4B73-8023-3D36CC45F63C}.Debug|Any CPU.ActiveCfg = Debug|Any CPU
		{5BA34C46-3125-4B73-8023-3D36CC45F63C}.Debug|Any CPU.Build.0 = Debug|Any CPU
		{5BA34C46-3125-4B73-8023-3D36CC45F63C}.Debug|x64.ActiveCfg = Debug|x64
		{5BA34C46-3125-4B73-8023-3D36CC45F63C}.Debug|x64.Build.0 = Debug|x64
		{5BA34C46-3125-4B73-8023-3D36CC45F63C}.Debug|x86.ActiveCfg = Debug|x86
		{5BA34C46-3125-4B73-8023-3D36CC45F63C}.Debug|x86.Build.0 = Debug|x86
		{5BA34C46-3125-4B73-8023-3D36CC45F63C}.Release|Any CPU.ActiveCfg = Release|Any CPU
		{5BA34C46-3125-4B73-8023-3D36CC45F63C}.Release|Any CPU.Build.0 = Release|Any CPU
		{5BA34C46-3125-4B73-8023-3D36CC45F63C}.Release|x64.ActiveCfg = Release|x64
		{5BA34C46-3125-4B73-8023-3D36CC45F63C}.Release|x64.Build.0 = Release|x64
		{5BA34C46-3125-4B73-8023-3D36CC45F63C}.Release|x86.ActiveCfg = Release|x86
		{5BA34C46-3125-4B73-8023-3D36CC45F63C}.Release|x86.Build.0 = Release|x86
		{CC1E42D1-FD35-4FBA-9650-D44ACC4DA9D2}.Debug|Any CPU.ActiveCfg = Debug|Any CPU
		{CC1E42D1-FD35-4FBA-9650-D44ACC4DA9D2}.Debug|Any CPU.Build.0 = Debug|Any CPU
		{CC1E42D1-FD35-4FBA-9650-D44ACC4DA9D2}.Debug|x64.ActiveCfg = Debug|x64
		{CC1E42D1-FD35-4FBA-9650-D44ACC4DA9D2}.Debug|x64.Build.0 = Debug|x64
		{CC1E42D1-FD35-4FBA-9650-D44ACC4DA9D2}.Debug|x86.ActiveCfg = Debug|x86
		{CC1E42D1-FD35-4FBA-9650-D44ACC4DA9D2}.Debug|x86.Build.0 = Debug|x86
		{CC1E42D1-FD35-4FBA-9650-D44ACC4DA9D2}.Release|Any CPU.ActiveCfg = Release|Any CPU
		{CC1E42D1-FD35-4FBA-9650-D44ACC4DA9D2}.Release|Any CPU.Build.0 = Release|Any CPU
		{CC1E42D1-FD35-4FBA-9650-D44ACC4DA9D2}.Release|x64.ActiveCfg = Release|x64
		{CC1E42D1-FD35-4FBA-9650-D44ACC4DA9D2}.Release|x64.Build.0 = Release|x64
		{CC1E42D1-FD35-4FBA-9650-D44ACC4DA9D2}.Release|x86.ActiveCfg = Release|x86
		{CC1E42D1-FD35-4FBA-9650-D44ACC4DA9D2}.Release|x86.Build.0 = Release|x86
		{75083401-0D52-4806-8268-55EBC4FB2A66}.Debug|Any CPU.ActiveCfg = Debug|Any CPU
		{75083401-0D52-4806-8268-55EBC4FB2A66}.Debug|Any CPU.Build.0 = Debug|Any CPU
		{75083401-0D52-4806-8268-55EBC4FB2A66}.Debug|x64.ActiveCfg = Debug|x64
		{75083401-0D52-4806-8268-55EBC4FB2A66}.Debug|x64.Build.0 = Debug|x64
		{75083401-0D52-4806-8268-55EBC4FB2A66}.Debug|x86.ActiveCfg = Debug|x86
		{75083401-0D52-4806-8268-55EBC4FB2A66}.Debug|x86.Build.0 = Debug|x86
		{75083401-0D52-4806-8268-55EBC4FB2A66}.Release|Any CPU.ActiveCfg = Release|Any CPU
		{75083401-0D52-4806-8268-55EBC4FB2A66}.Release|Any CPU.Build.0 = Release|Any CPU
		{75083401-0D52-4806-8268-55EBC4FB2A66}.Release|x64.ActiveCfg = Release|x64
		{75083401-0D52-4806-8268-55EBC4FB2A66}.Release|x64.Build.0 = Release|x64
		{75083401-0D52-4806-8268-55EBC4FB2A66}.Release|x86.ActiveCfg = Release|x86
		{75083401-0D52-4806-8268-55EBC4FB2A66}.Release|x86.Build.0 = Release|x86
	EndGlobalSection
	GlobalSection(SolutionProperties) = preSolution
		HideSolutionNode = FALSE
	EndGlobalSection
	GlobalSection(NestedProjects) = preSolution
		{97E3335E-1155-4339-BE07-5F6F2C70A0C3} = {0A6F48BD-BFC9-4E78-AFCB-F7A8D9BF040B}
		{F6D4DF06-43E8-468E-9D1E-C4F4720702A1} = {0A6F48BD-BFC9-4E78-AFCB-F7A8D9BF040B}
		{F97E01DF-912D-4D5B-8C0F-28511A12E6BF} = {0A6F48BD-BFC9-4E78-AFCB-F7A8D9BF040B}
		{F7DFA9C2-86BC-4017-AFFD-65F41452721E} = {0A6F48BD-BFC9-4E78-AFCB-F7A8D9BF040B}
		{10951DB4-2F8C-481E-A379-ABAF6DAC9F04} = {0A6F48BD-BFC9-4E78-AFCB-F7A8D9BF040B}
		{BF1568C6-4B1B-4DD1-A067-5B94FDD4EB19} = {0A6F48BD-BFC9-4E78-AFCB-F7A8D9BF040B}
		{F9869B76-AF44-493D-9CBD-E6B52F5EB12A} = {0A6F48BD-BFC9-4E78-AFCB-F7A8D9BF040B}
		{F8F3D60F-47A6-4CB9-821D-33C5768473F7} = {0A6F48BD-BFC9-4E78-AFCB-F7A8D9BF040B}
		{8E2CE7FE-4662-4198-9669-1CD8A34824E0} = {0A6F48BD-BFC9-4E78-AFCB-F7A8D9BF040B}
		{14D7A22E-C6A3-4556-B7F7-5233F1E29F2C} = {0A6F48BD-BFC9-4E78-AFCB-F7A8D9BF040B}
		{02E75C91-BEDE-4DD1-AF13-BB953FD85F2A} = {0A6F48BD-BFC9-4E78-AFCB-F7A8D9BF040B}
		{C36644CE-BCE3-4B91-9DB9-851D8C7DEDF2} = {0A6F48BD-BFC9-4E78-AFCB-F7A8D9BF040B}
		{A40F5B2E-DCB3-42CC-AEC1-96AE5B4F582E} = {0A6F48BD-BFC9-4E78-AFCB-F7A8D9BF040B}
		{3DE6FA90-9A24-4E4B-B491-D64DE041D9CC} = {0A6F48BD-BFC9-4E78-AFCB-F7A8D9BF040B}
		{B534EE4F-D2B3-43B0-BBC0-3B24A15CED15} = {0A6F48BD-BFC9-4E78-AFCB-F7A8D9BF040B}
		{6E9370D6-3D5C-43E5-8794-48D7631AFAE6} = {0A6F48BD-BFC9-4E78-AFCB-F7A8D9BF040B}
		{E1750092-E278-41E1-8479-8B84DFB5E142} = {0A6F48BD-BFC9-4E78-AFCB-F7A8D9BF040B}
		{3A860BE4-8B23-4AB2-9912-5050DDBD6CB7} = {0A6F48BD-BFC9-4E78-AFCB-F7A8D9BF040B}
		{5BA34C46-3125-4B73-8023-3D36CC45F63C} = {0A6F48BD-BFC9-4E78-AFCB-F7A8D9BF040B}
		{CC1E42D1-FD35-4FBA-9650-D44ACC4DA9D2} = {0A6F48BD-BFC9-4E78-AFCB-F7A8D9BF040B}
		{75083401-0D52-4806-8268-55EBC4FB2A66} = {0A6F48BD-BFC9-4E78-AFCB-F7A8D9BF040B}
	EndGlobalSection
	GlobalSection(ExtensibilityGlobals) = postSolution
		SolutionGuid = {00940130-D958-4A46-A924-984323735872}
	EndGlobalSection
	GlobalSection(SharedMSBuildProjectFiles) = preSolution
		WebUI4CSharp.projitems*{02e75c91-bede-4dd1-af13-bb953fd85f2a}*SharedItemsImports = 5
		WebUI4CSharp.projitems*{10951db4-2f8c-481e-a379-abaf6dac9f04}*SharedItemsImports = 5
		WebUI4CSharp.projitems*{14d7a22e-c6a3-4556-b7f7-5233f1e29f2c}*SharedItemsImports = 5
		WebUI4CSharp.projitems*{3a860be4-8b23-4ab2-9912-5050ddbd6cb7}*SharedItemsImports = 5
		WebUI4CSharp.projitems*{3de6fa90-9a24-4e4b-b491-d64de041d9cc}*SharedItemsImports = 5
		WebUI4CSharp.projitems*{5ba34c46-3125-4b73-8023-3d36cc45f63c}*SharedItemsImports = 5
		WebUI4CSharp.projitems*{6e9370d6-3d5c-43e5-8794-48d7631afae6}*SharedItemsImports = 5
		WebUI4CSharp.projitems*{6f35fd1f-6a07-4bb7-ab29-86bf280b75b7}*SharedItemsImports = 13
		WebUI4CSharp.projitems*{75083401-0d52-4806-8268-55ebc4fb2a66}*SharedItemsImports = 5
		WebUI4CSharp.projitems*{8e2ce7fe-4662-4198-9669-1cd8a34824e0}*SharedItemsImports = 5
		WebUI4CSharp.projitems*{97e3335e-1155-4339-be07-5f6f2c70a0c3}*SharedItemsImports = 5
		WebUI4CSharp.projitems*{a40f5b2e-dcb3-42cc-aec1-96ae5b4f582e}*SharedItemsImports = 5
		WebUI4CSharp.projitems*{b534ee4f-d2b3-43b0-bbc0-3b24a15ced15}*SharedItemsImports = 5
		WebUI4CSharp.projitems*{bf1568c6-4b1b-4dd1-a067-5b94fdd4eb19}*SharedItemsImports = 5
		WebUI4CSharp.projitems*{c36644ce-bce3-4b91-9db9-851d8c7dedf2}*SharedItemsImports = 5
		WebUI4CSharp.projitems*{cc1e42d1-fd35-4fba-9650-d44acc4da9d2}*SharedItemsImports = 5
		WebUI4CSharp.projitems*{e1750092-e278-41e1-8479-8b84dfb5e142}*SharedItemsImports = 5
		WebUI4CSharp.projitems*{f6d4df06-43e8-468e-9d1e-c4f4720702a1}*SharedItemsImports = 5
		WebUI4CSharp.projitems*{f7dfa9c2-86bc-4017-affd-65f41452721e}*SharedItemsImports = 5
		WebUI4CSharp.projitems*{f8f3d60f-47a6-4cb9-821d-33c5768473f7}*SharedItemsImports = 5
		WebUI4CSharp.projitems*{f97e01df-912d-4d5b-8c0f-28511a12e6bf}*SharedItemsImports = 5
		WebUI4CSharp.projitems*{f9869b76-af44-493d-9cbd-e6b52f5eb12a}*SharedItemsImports = 5
	EndGlobalSection
EndGlobal
